
Microsoft Visual Studio Solution File, Format Version 12.00
# Visual Studio Version 17
Project("{8BC9CEB8-8B4A-11D0-8D11-00A0C91BC942}") = "ALL_BUILD", "ALL_BUILD.vcxproj", "{DCA3B63A-54D5-3A55-9043-B397897DE140}"
	ProjectSection(ProjectDependencies) = postProject
		{4DBCA17D-DF02-33CF-AA9E-699153418E5C} = {4DBCA17D-DF02-33CF-AA9E-699153418E5C}
		{77BE37A6-55D3-35AB-969E-9B1840E843FE} = {77BE37A6-55D3-35AB-969E-9B1840E843FE}
	EndProjectSection
EndProject
Project("{8BC9CEB8-8B4A-11D0-8D11-00A0C91BC942}") = "ZERO_CHECK", "ZERO_CHECK.vcxproj", "{4DBCA17D-DF02-33CF-AA9E-699153418E5C}"
	ProjectSection(ProjectDependencies) = postProject
	EndProjectSection
EndProject
Project("{8BC9CEB8-8B4A-11D0-8D11-00A0C91BC942}") = "mmojo_proxy", "mmojo_proxy.vcxproj", "{77BE37A6-55D3-35AB-969E-9B1840E843FE}"
	ProjectSection(ProjectDependencies) = postProject
		{4DBCA17D-DF02-33CF-AA9E-699153418E5C} = {4DBCA17D-DF02-33CF-AA9E-699153418E5C}
	EndProjectSection
EndProject
Global
	GlobalSection(SolutionConfigurationPlatforms) = preSolution
		Debug|x64 = Debug|x64
		Release|x64 = Release|x64
		MinSizeRel|x64 = MinSizeRel|x64
		RelWithDebInfo|x64 = RelWithDebInfo|x64
	EndGlobalSection
	GlobalSection(ProjectConfigurationPlatforms) = postSolution
		{DCA3B63A-54D5-3A55-9043-B397897DE140}.Debug|x64.ActiveCfg = Debug|x64
		{DCA3B63A-54D5-3A55-9043-B397897DE140}.Release|x64.ActiveCfg = Release|x64
		{DCA3B63A-54D5-3A55-9043-B397897DE140}.MinSizeRel|x64.ActiveCfg = MinSizeRel|x64
		{DCA3B63A-54D5-3A55-9043-B397897DE140}.RelWithDebInfo|x64.ActiveCfg = RelWithDebInfo|x64
		{4DBCA17D-DF02-33CF-AA9E-699153418E5C}.Debug|x64.ActiveCfg = Debug|x64
		{4DBCA17D-DF02-33CF-AA9E-699153418E5C}.Debug|x64.Build.0 = Debug|x64
		{4DBCA17D-DF02-33CF-AA9E-699153418E5C}.Release|x64.ActiveCfg = Release|x64
		{4DBCA17D-DF02-33CF-AA9E-699153418E5C}.Release|x64.Build.0 = Release|x64
		{4DBCA17D-DF02-33CF-AA9E-699153418E5C}.MinSizeRel|x64.ActiveCfg = MinSizeRel|x64
		{4DBCA17D-DF02-33CF-AA9E-699153418E5C}.MinSizeRel|x64.Build.0 = MinSizeRel|x64
		{4DBCA17D-DF02-33CF-AA9E-699153418E5C}.RelWithDebInfo|x64.ActiveCfg = RelWithDebInfo|x64
		{4DBCA17D-DF02-33CF-AA9E-699153418E5C}.RelWithDebInfo|x64.Build.0 = RelWithDebInfo|x64
		{77BE37A6-55D3-35AB-969E-9B1840E843FE}.Debug|x64.ActiveCfg = Debug|x64
		{77BE37A6-55D3-35AB-969E-9B1840E843FE}.Debug|x64.Build.0 = Debug|x64
		{77BE37A6-55D3-35AB-969E-9B1840E843FE}.Release|x64.ActiveCfg = Release|x64
		{77BE37A6-55D3-35AB-969E-9B1840E843FE}.Release|x64.Build.0 = Release|x64
		{77BE37A6-55D3-35AB-969E-9B1840E843FE}.MinSizeRel|x64.ActiveCfg = MinSizeRel|x64
		{77BE37A6-55D3-35AB-969E-9B1840E843FE}.MinSizeRel|x64.Build.0 = MinSizeRel|x64
		{77BE37A6-55D3-35AB-969E-9B1840E843FE}.RelWithDebInfo|x64.ActiveCfg = RelWithDebInfo|x64
		{77BE37A6-55D3-35AB-969E-9B1840E843FE}.RelWithDebInfo|x64.Build.0 = RelWithDebInfo|x64
	EndGlobalSection
	GlobalSection(ExtensibilityGlobals) = postSolution
		SolutionGuid = {51410487-7821-3356-BD54-30C09EDE87F1}
	EndGlobalSection
	GlobalSection(ExtensibilityAddIns) = postSolution
	EndGlobalSection
EndGlobal
